
Microsoft Visual Studio Solution File, Format Version 12.00
# Visual Studio Version 17
VisualStudioVersion = 17.11.35208.52
MinimumVisualStudioVersion = 10.0.40219.1
Project("{9A19103F-16F7-4668-BE54-9A1E7A4F7556}") = "PL", "PL\PL.csproj", "{B558D006-F6F0-439B-898A-F6E70308A8EC}"
EndProject
Project("{9A19103F-16F7-4668-BE54-9A1E7A4F7556}") = "DAL", "DAL\DAL.csproj", "{30DF0024-E494-4A9F-A394-30AE69FEFFED}"
EndProject
Project("{9A19103F-16F7-4668-BE54-9A1E7A4F7556}") = "SERVIES", "SERVIES\SERVIES.csproj", "{64AEE805-0621-4D09-8B4E-2A3A1B1E90A4}"
EndProject
Project("{9A19103F-16F7-4668-BE54-9A1E7A4F7556}") = "REPOSITORY", "REPOSITORY\REPOSITORY.csproj", "{566C0A63-F9A5-44FA-A4B5-6C88E5151127}"
EndProject
Global
	GlobalSection(SolutionConfigurationPlatforms) = preSolution
		Debug|Any CPU = Debug|Any CPU
		Release|Any CPU = Release|Any CPU
	EndGlobalSection
	GlobalSection(ProjectConfigurationPlatforms) = postSolution
		{B558D006-F6F0-439B-898A-F6E70308A8EC}.Debug|Any CPU.ActiveCfg = Debug|Any CPU
		{B558D006-F6F0-439B-898A-F6E70308A8EC}.Debug|Any CPU.Build.0 = Debug|Any CPU
		{B558D006-F6F0-439B-898A-F6E70308A8EC}.Release|Any CPU.ActiveCfg = Release|Any CPU
		{B558D006-F6F0-439B-898A-F6E70308A8EC}.Release|Any CPU.Build.0 = Release|Any CPU
		{30DF0024-E494-4A9F-A394-30AE69FEFFED}.Debug|Any CPU.ActiveCfg = Debug|Any CPU
		{30DF0024-E494-4A9F-A394-30AE69FEFFED}.Debug|Any CPU.Build.0 = Debug|Any CPU
		{30DF0024-E494-4A9F-A394-30AE69FEFFED}.Release|Any CPU.ActiveCfg = Release|Any CPU
		{30DF0024-E494-4A9F-A394-30AE69FEFFED}.Release|Any CPU.Build.0 = Release|Any CPU
		{64AEE805-0621-4D09-8B4E-2A3A1B1E90A4}.Debug|Any CPU.ActiveCfg = Debug|Any CPU
		{64AEE805-0621-4D09-8B4E-2A3A1B1E90A4}.Debug|Any CPU.Build.0 = Debug|Any CPU
		{64AEE805-0621-4D09-8B4E-2A3A1B1E90A4}.Release|Any CPU.ActiveCfg = Release|Any CPU
		{64AEE805-0621-4D09-8B4E-2A3A1B1E90A4}.Release|Any CPU.Build.0 = Release|Any CPU
		{566C0A63-F9A5-44FA-A4B5-6C88E5151127}.Debug|Any CPU.ActiveCfg = Debug|Any CPU
		{566C0A63-F9A5-44FA-A4B5-6C88E5151127}.Debug|Any CPU.Build.0 = Debug|Any CPU
		{566C0A63-F9A5-44FA-A4B5-6C88E5151127}.Release|Any CPU.ActiveCfg = Release|Any CPU
		{566C0A63-F9A5-44FA-A4B5-6C88E5151127}.Release|Any CPU.Build.0 = Release|Any CPU
	EndGlobalSection
	GlobalSection(SolutionProperties) = preSolution
		HideSolutionNode = FALSE
	EndGlobalSection
	GlobalSection(ExtensibilityGlobals) = postSolution
		SolutionGuid = {71F1FBCD-92E1-4880-9C73-37266CA478E4}
	EndGlobalSection
EndGlobal
